// !$*UTF8*$!
{
	archiveVersion = 1;
	classes = {
	};
	objectVersion = 55;
	objects = {

/* Begin PBXBuildFile section */
		EC666A9B2885837A0089A4CA /* AppDelegate.swift in Sources */ = {isa = PBXBuildFile; fileRef = EC666A9A2885837A0089A4CA /* AppDelegate.swift */; };
		EC666A9D2885837A0089A4CA /* SceneDelegate.swift in Sources */ = {isa = PBXBuildFile; fileRef = EC666A9C2885837A0089A4CA /* SceneDelegate.swift */; };
		EC666A9F2885837A0089A4CA /* ViewController.swift in Sources */ = {isa = PBXBuildFile; fileRef = EC666A9E2885837A0089A4CA /* ViewController.swift */; };
		EC666AA42885837B0089A4CA /* Assets.xcassets in Resources */ = {isa = PBXBuildFile; fileRef = EC666AA32885837B0089A4CA /* Assets.xcassets */; };
		EC666AA72885837B0089A4CA /* LaunchScreen.storyboard in Resources */ = {isa = PBXBuildFile; fileRef = EC666AA52885837B0089A4CA /* LaunchScreen.storyboard */; };
		EC666AAF288583D30089A4CA /* ViewModel.swift in Sources */ = {isa = PBXBuildFile; fileRef = EC666AAE288583D30089A4CA /* ViewModel.swift */; };
		EC666AB1288584B30089A4CA /* Observable.swift in Sources */ = {isa = PBXBuildFile; fileRef = EC666AB0288584B30089A4CA /* Observable.swift */; };
		ECB3E53B2885BE7100CC35FA /* SnapKit in Frameworks */ = {isa = PBXBuildFile; productRef = ECB3E53A2885BE7100CC35FA /* SnapKit */; };
		ECB3E53E2886EDD500CC35FA /* Then in Frameworks */ = {isa = PBXBuildFile; productRef = ECB3E53D2886EDD500CC35FA /* Then */; };
/* End PBXBuildFile section */

/* Begin PBXFileReference section */
		EC666A972885837A0089A4CA /* ProtocolDependecyTest.app */ = {isa = PBXFileReference; explicitFileType = wrapper.application; includeInIndex = 0; path = ProtocolDependecyTest.app; sourceTree = BUILT_PRODUCTS_DIR; };
		EC666A9A2885837A0089A4CA /* AppDelegate.swift */ = {isa = PBXFileReference; lastKnownFileType = sourcecode.swift; path = AppDelegate.swift; sourceTree = "<group>"; };
		EC666A9C2885837A0089A4CA /* SceneDelegate.swift */ = {isa = PBXFileReference; lastKnownFileType = sourcecode.swift; path = SceneDelegate.swift; sourceTree = "<group>"; };
		EC666A9E2885837A0089A4CA /* ViewController.swift */ = {isa = PBXFileReference; lastKnownFileType = sourcecode.swift; path = ViewController.swift; sourceTree = "<group>"; };
		EC666AA32885837B0089A4CA /* Assets.xcassets */ = {isa = PBXFileReference; lastKnownFileType = folder.assetcatalog; path = Assets.xcassets; sourceTree = "<group>"; };
		EC666AA62885837B0089A4CA /* Base */ = {isa = PBXFileReference; lastKnownFileType = file.storyboard; name = Base; path = Base.lproj/LaunchScreen.storyboard; sourceTree = "<group>"; };
		EC666AA82885837B0089A4CA /* Info.plist */ = {isa = PBXFileReference; lastKnownFileType = text.plist.xml; path = Info.plist; sourceTree = "<group>"; };
		EC666AAE288583D30089A4CA /* ViewModel.swift */ = {isa = PBXFileReference; lastKnownFileType = sourcecode.swift; path = ViewModel.swift; sourceTree = "<group>"; };
		EC666AB0288584B30089A4CA /* Observable.swift */ = {isa = PBXFileReference; lastKnownFileType = sourcecode.swift; path = Observable.swift; sourceTree = "<group>"; };
/* End PBXFileReference section */

/* Begin PBXFrameworksBuildPhase section */
		EC666A942885837A0089A4CA /* Frameworks */ = {
			isa = PBXFrameworksBuildPhase;
			buildActionMask = 2147483647;
			files = (
				ECB3E53B2885BE7100CC35FA /* SnapKit in Frameworks */,
				ECB3E53E2886EDD500CC35FA /* Then in Frameworks */,
			);
			runOnlyForDeploymentPostprocessing = 0;
		};
/* End PBXFrameworksBuildPhase section */

/* Begin PBXGroup section */
		EC666A8E2885837A0089A4CA = {
			isa = PBXGroup;
			children = (
				EC666A992885837A0089A4CA /* ProtocolDependecyTest */,
				EC666A982885837A0089A4CA /* Products */,
			);
			sourceTree = "<group>";
		};
		EC666A982885837A0089A4CA /* Products */ = {
			isa = PBXGroup;
			children = (
				EC666A972885837A0089A4CA /* ProtocolDependecyTest.app */,
			);
			name = Products;
			sourceTree = "<group>";
		};
		EC666A992885837A0089A4CA /* ProtocolDependecyTest */ = {
			isa = PBXGroup;
			children = (
				EC666A9A2885837A0089A4CA /* AppDelegate.swift */,
				EC666A9C2885837A0089A4CA /* SceneDelegate.swift */,
				EC666A9E2885837A0089A4CA /* ViewController.swift */,
				EC666AAE288583D30089A4CA /* ViewModel.swift */,
				EC666AA32885837B0089A4CA /* Assets.xcassets */,
				EC666AA52885837B0089A4CA /* LaunchScreen.storyboard */,
				EC666AA82885837B0089A4CA /* Info.plist */,
				EC666AB0288584B30089A4CA /* Observable.swift */,
			);
			path = ProtocolDependecyTest;
			sourceTree = "<group>";
		};
/* End PBXGroup section */

/* Begin PBXNativeTarget section */
		EC666A962885837A0089A4CA /* ProtocolDependecyTest */ = {
			isa = PBXNativeTarget;
			buildConfigurationList = EC666AAB2885837B0089A4CA /* Build configuration list for PBXNativeTarget "ProtocolDependecyTest" */;
			buildPhases = (
				EC666A932885837A0089A4CA /* Sources */,
				EC666A942885837A0089A4CA /* Frameworks */,
				EC666A952885837A0089A4CA /* Resources */,
			);
			buildRules = (
			);
			dependencies = (
			);
			name = ProtocolDependecyTest;
			packageProductDependencies = (
				ECB3E53A2885BE7100CC35FA /* SnapKit */,
				ECB3E53D2886EDD500CC35FA /* Then */,
			);
			productName = ProtocolDependecyTest;
			productReference = EC666A972885837A0089A4CA /* ProtocolDependecyTest.app */;
			productType = "com.apple.product-type.application";
		};
/* End PBXNativeTarget section */

/* Begin PBXProject section */
		EC666A8F2885837A0089A4CA /* Project object */ = {
			isa = PBXProject;
			attributes = {
				BuildIndependentTargetsInParallel = 1;
				LastSwiftUpdateCheck = 1340;
				LastUpgradeCheck = 1340;
				TargetAttributes = {
					EC666A962885837A0089A4CA = {
						CreatedOnToolsVersion = 13.4.1;
					};
				};
			};
			buildConfigurationList = EC666A922885837A0089A4CA /* Build configuration list for PBXProject "ProtocolDependecyTest" */;
			compatibilityVersion = "Xcode 13.0";
			developmentRegion = en;
			hasScannedForEncodings = 0;
			knownRegions = (
				en,
				Base,
			);
			mainGroup = EC666A8E2885837A0089A4CA;
			packageReferences = (
				ECB3E5392885BE7100CC35FA /* XCRemoteSwiftPackageReference "SnapKit" */,
				ECB3E53C2886EDD500CC35FA /* XCRemoteSwiftPackageReference "Then" */,
			);
			productRefGroup = EC666A982885837A0089A4CA /* Products */;
			projectDirPath = "";
			projectRoot = "";
			targets = (
				EC666A962885837A0089A4CA /* ProtocolDependecyTest */,
			);
		};
/* End PBXProject section */

/* Begin PBXResourcesBuildPhase section */
		EC666A952885837A0089A4CA /* Resources */ = {
			isa = PBXResourcesBuildPhase;
			buildActionMask = 2147483647;
			files = (
				EC666AA72885837B0089A4CA /* LaunchScreen.storyboard in Resources */,
				EC666AA42885837B0089A4CA /* Assets.xcassets in Resources */,
			);
			runOnlyForDeploymentPostprocessing = 0;
		};
/* End PBXResourcesBuildPhase section */

/* Begin PBXSourcesBuildPhase section */
		EC666A932885837A0089A4CA /* Sources */ = {
			isa = PBXSourcesBuildPhase;
			buildActionMask = 2147483647;
			files = (
				EC666A9F2885837A0089A4CA /* ViewController.swift in Sources */,
				EC666AB1288584B30089A4CA /* Observable.swift in Sources */,
				EC666A9B2885837A0089A4CA /* AppDelegate.swift in Sources */,
				EC666AAF288583D30089A4CA /* ViewModel.swift in Sources */,
				EC666A9D2885837A0089A4CA /* SceneDelegate.swift in Sources */,
			);
			runOnlyForDeploymentPostprocessing = 0;
		};
/* End PBXSourcesBuildPhase section */

/* Begin PBXVariantGroup section */
		EC666AA52885837B0089A4CA /* LaunchScreen.storyboard */ = {
			isa = PBXVariantGroup;
			children = (
				EC666AA62885837B0089A4CA /* Base */,
			);
			name = LaunchScreen.storyboard;
			sourceTree = "<group>";
		};
/* End PBXVariantGroup section */

/* Begin XCBuildConfiguration section */
		EC666AA92885837B0089A4CA /* Debug */ = {
			isa = XCBuildConfiguration;
			buildSettings = {
				ALWAYS_SEARCH_USER_PATHS = NO;
				CLANG_ANALYZER_NONNULL = YES;
				CLANG_ANALYZER_NUMBER_OBJECT_CONVERSION = YES_AGGRESSIVE;
				CLANG_CXX_LANGUAGE_STANDARD = "gnu++17";
				CLANG_ENABLE_MODULES = YES;
				CLANG_ENABLE_OBJC_ARC = YES;
				CLANG_ENABLE_OBJC_WEAK = YES;
				CLANG_WARN_BLOCK_CAPTURE_AUTORELEASING = YES;
				CLANG_WARN_BOOL_CONVERSION = YES;
				CLANG_WARN_COMMA = YES;
				CLANG_WARN_CONSTANT_CONVERSION = YES;
				CLANG_WARN_DEPRECATED_OBJC_IMPLEMENTATIONS = YES;
				CLANG_WARN_DIRECT_OBJC_ISA_USAGE = YES_ERROR;
				CLANG_WARN_DOCUMENTATION_COMMENTS = YES;
				CLANG_WARN_EMPTY_BODY = YES;
				CLANG_WARN_ENUM_CONVERSION = YES;
				CLANG_WARN_INFINITE_RECURSION = YES;
				CLANG_WARN_INT_CONVERSION = YES;
				CLANG_WARN_NON_LITERAL_NULL_CONVERSION = YES;
				CLANG_WARN_OBJC_IMPLICIT_RETAIN_SELF = YES;
				CLANG_WARN_OBJC_LITERAL_CONVERSION = YES;
				CLANG_WARN_OBJC_ROOT_CLASS = YES_ERROR;
				CLANG_WARN_QUOTED_INCLUDE_IN_FRAMEWORK_HEADER = YES;
				CLANG_WARN_RANGE_LOOP_ANALYSIS = YES;
				CLANG_WARN_STRICT_PROTOTYPES = YES;
				CLANG_WARN_SUSPICIOUS_MOVE = YES;
				CLANG_WARN_UNGUARDED_AVAILABILITY = YES_AGGRESSIVE;
				CLANG_WARN_UNREACHABLE_CODE = YES;
				CLANG_WARN__DUPLICATE_METHOD_MATCH = YES;
				COPY_PHASE_STRIP = NO;
				DEBUG_INFORMATION_FORMAT = dwarf;
				ENABLE_STRICT_OBJC_MSGSEND = YES;
				ENABLE_TESTABILITY = YES;
				GCC_C_LANGUAGE_STANDARD = gnu11;
				GCC_DYNAMIC_NO_PIC = NO;
				GCC_NO_COMMON_BLOCKS = YES;
				GCC_OPTIMIZATION_LEVEL = 0;
				GCC_PREPROCESSOR_DEFINITIONS = (
					"DEBUG=1",
					"$(inherited)",
				);
				GCC_WARN_64_TO_32_BIT_CONVERSION = YES;
				GCC_WARN_ABOUT_RETURN_TYPE = YES_ERROR;
				GCC_WARN_UNDECLARED_SELECTOR = YES;
				GCC_WARN_UNINITIALIZED_AUTOS = YES_AGGRESSIVE;
				GCC_WARN_UNUSED_FUNCTION = YES;
				GCC_WARN_UNUSED_VARIABLE = YES;
				IPHONEOS_DEPLOYMENT_TARGET = 15.5;
				MTL_ENABLE_DEBUG_INFO = INCLUDE_SOURCE;
				MTL_FAST_MATH = YES;
				ONLY_ACTIVE_ARCH = YES;
				SDKROOT = iphoneos;
				SWIFT_ACTIVE_COMPILATION_CONDITIONS = DEBUG;
				SWIFT_OPTIMIZATION_LEVEL = "-Onone";
			};
			name = Debug;
		};
		EC666AAA2885837B0089A4CA /* Release */ = {
			isa = XCBuildConfiguration;
			buildSettings = {
				ALWAYS_SEARCH_USER_PATHS = NO;
				CLANG_ANALYZER_NONNULL = YES;
				CLANG_ANALYZER_NUMBER_OBJECT_CONVERSION = YES_AGGRESSIVE;
				CLANG_CXX_LANGUAGE_STANDARD = "gnu++17";
				CLANG_ENABLE_MODULES = YES;
				CLANG_ENABLE_OBJC_ARC = YES;
				CLANG_ENABLE_OBJC_WEAK = YES;
				CLANG_WARN_BLOCK_CAPTURE_AUTORELEASING = YES;
				CLANG_WARN_BOOL_CONVERSION = YES;
				CLANG_WARN_COMMA = YES;
				CLANG_WARN_CONSTANT_CONVERSION = YES;
				CLANG_WARN_DEPRECATED_OBJC_IMPLEMENTATIONS = YES;
				CLANG_WARN_DIRECT_OBJC_ISA_USAGE = YES_ERROR;
				CLANG_WARN_DOCUMENTATION_COMMENTS = YES;
				CLANG_WARN_EMPTY_BODY = YES;
				CLANG_WARN_ENUM_CONVERSION = YES;
				CLANG_WARN_INFINITE_RECURSION = YES;
				CLANG_WARN_INT_CONVERSION = YES;
				CLANG_WARN_NON_LITERAL_NULL_CONVERSION = YES;
				CLANG_WARN_OBJC_IMPLICIT_RETAIN_SELF = YES;
				CLANG_WARN_OBJC_LITERAL_CONVERSION = YES;
				CLANG_WARN_OBJC_ROOT_CLASS = YES_ERROR;
				CLANG_WARN_QUOTED_INCLUDE_IN_FRAMEWORK_HEADER = YES;
				CLANG_WARN_RANGE_LOOP_ANALYSIS = YES;
				CLANG_WARN_STRICT_PROTOTYPES = YES;
				CLANG_WARN_SUSPICIOUS_MOVE = YES;
				CLANG_WARN_UNGUARDED_AVAILABILITY = YES_AGGRESSIVE;
				CLANG_WARN_UNREACHABLE_CODE = YES;
				CLANG_WARN__DUPLICATE_METHOD_MATCH = YES;
				COPY_PHASE_STRIP = NO;
				DEBUG_INFORMATION_FORMAT = "dwarf-with-dsym";
				ENABLE_NS_ASSERTIONS = NO;
				ENABLE_STRICT_OBJC_MSGSEND = YES;
				GCC_C_LANGUAGE_STANDARD = gnu11;
				GCC_NO_COMMON_BLOCKS = YES;
				GCC_WARN_64_TO_32_BIT_CONVERSION = YES;
				GCC_WARN_ABOUT_RETURN_TYPE = YES_ERROR;
				GCC_WARN_UNDECLARED_SELECTOR = YES;
				GCC_WARN_UNINITIALIZED_AUTOS = YES_AGGRESSIVE;
				GCC_WARN_UNUSED_FUNCTION = YES;
				GCC_WARN_UNUSED_VARIABLE = YES;
				IPHONEOS_DEPLOYMENT_TARGET = 15.5;
				MTL_ENABLE_DEBUG_INFO = NO;
				MTL_FAST_MATH = YES;
				SDKROOT = iphoneos;
				SWIFT_COMPILATION_MODE = wholemodule;
				SWIFT_OPTIMIZATION_LEVEL = "-O";
				VALIDATE_PRODUCT = YES;
			};
			name = Release;
		};
		EC666AAC2885837B0089A4CA /* Debug */ = {
			isa = XCBuildConfiguration;
			buildSettings = {
				ASSETCATALOG_COMPILER_APPICON_NAME = AppIcon;
				ASSETCATALOG_COMPILER_GLOBAL_ACCENT_COLOR_NAME = AccentColor;
				CODE_SIGN_STYLE = Automatic;
				CURRENT_PROJECT_VERSION = 1;
				GENERATE_INFOPLIST_FILE = YES;
				INFOPLIST_FILE = ProtocolDependecyTest/Info.plist;
				INFOPLIST_KEY_UIApplicationSupportsIndirectInputEvents = YES;
				INFOPLIST_KEY_UILaunchStoryboardName = LaunchScreen;
				INFOPLIST_KEY_UISupportedInterfaceOrientations_iPad = "UIInterfaceOrientationPortrait UIInterfaceOrientationPortraitUpsideDown UIInterfaceOrientationLandscapeLeft UIInterfaceOrientationLandscapeRight";
				INFOPLIST_KEY_UISupportedInterfaceOrientations_iPhone = "UIInterfaceOrientationPortrait UIInterfaceOrientationLandscapeLeft UIInterfaceOrientationLandscapeRight";
				LD_RUNPATH_SEARCH_PATHS = (
					"$(inherited)",
					"@executable_path/Frameworks",
				);
				MARKETING_VERSION = 1.0;
				PRODUCT_BUNDLE_IDENTIFIER = seungchan.ProtocolDependecyTest;
				PRODUCT_NAME = "$(TARGET_NAME)";
				SWIFT_EMIT_LOC_STRINGS = YES;
				SWIFT_VERSION = 5.0;
				TARGETED_DEVICE_FAMILY = "1,2";
			};
			name = Debug;
		};
		EC666AAD2885837B0089A4CA /* Release */ = {
			isa = XCBuildConfiguration;
			buildSettings = {
				ASSETCATALOG_COMPILER_APPICON_NAME = AppIcon;
				ASSETCATALOG_COMPILER_GLOBAL_ACCENT_COLOR_NAME = AccentColor;
				CODE_SIGN_STYLE = Automatic;
				CURRENT_PROJECT_VERSION = 1;
				GENERATE_INFOPLIST_FILE = YES;
				INFOPLIST_FILE = ProtocolDependecyTest/Info.plist;
				INFOPLIST_KEY_UIApplicationSupportsIndirectInputEvents = YES;
				INFOPLIST_KEY_UILaunchStoryboardName = LaunchScreen;
				INFOPLIST_KEY_UISupportedInterfaceOrientations_iPad = "UIInterfaceOrientationPortrait UIInterfaceOrientationPortraitUpsideDown UIInterfaceOrientationLandscapeLeft UIInterfaceOrientationLandscapeRight";
				INFOPLIST_KEY_UISupportedInterfaceOrientations_iPhone = "UIInterfaceOrientationPortrait UIInterfaceOrientationLandscapeLeft UIInterfaceOrientationLandscapeRight";
				LD_RUNPATH_SEARCH_PATHS = (
					"$(inherited)",
					"@executable_path/Frameworks",
				);
				MARKETING_VERSION = 1.0;
				PRODUCT_BUNDLE_IDENTIFIER = seungchan.ProtocolDependecyTest;
				PRODUCT_NAME = "$(TARGET_NAME)";
				SWIFT_EMIT_LOC_STRINGS = YES;
				SWIFT_VERSION = 5.0;
				TARGETED_DEVICE_FAMILY = "1,2";
			};
			name = Release;
		};
/* End XCBuildConfiguration section */

/* Begin XCConfigurationList section */
		EC666A922885837A0089A4CA /* Build configuration list for PBXProject "ProtocolDependecyTest" */ = {
			isa = XCConfigurationList;
			buildConfigurations = (
				EC666AA92885837B0089A4CA /* Debug */,
				EC666AAA2885837B0089A4CA /* Release */,
			);
			defaultConfigurationIsVisible = 0;
			defaultConfigurationName = Release;
		};
		EC666AAB2885837B0089A4CA /* Build configuration list for PBXNativeTarget "ProtocolDependecyTest" */ = {
			isa = XCConfigurationList;
			buildConfigurations = (
				EC666AAC2885837B0089A4CA /* Debug */,
				EC666AAD2885837B0089A4CA /* Release */,
			);
			defaultConfigurationIsVisible = 0;
			defaultConfigurationName = Release;
		};
/* End XCConfigurationList section */

/* Begin XCRemoteSwiftPackageReference section */
		ECB3E5392885BE7100CC35FA /* XCRemoteSwiftPackageReference "SnapKit" */ = {
			isa = XCRemoteSwiftPackageReference;
			repositoryURL = "https://github.com/SnapKit/SnapKit.git";
			requirement = {
				kind = upToNextMajorVersion;
				minimumVersion = 5.0.0;
			};
		};
		ECB3E53C2886EDD500CC35FA /* XCRemoteSwiftPackageReference "Then" */ = {
			isa = XCRemoteSwiftPackageReference;
			repositoryURL = "https://github.com/devxoul/Then.git";
			requirement = {
				branch = master;
				kind = branch;
			};
		};
/* End XCRemoteSwiftPackageReference section */

/* Begin XCSwiftPackageProductDependency section */
		ECB3E53A2885BE7100CC35FA /* SnapKit */ = {
			isa = XCSwiftPackageProductDependency;
			package = ECB3E5392885BE7100CC35FA /* XCRemoteSwiftPackageReference "SnapKit" */;
			productName = SnapKit;
		};
		ECB3E53D2886EDD500CC35FA /* Then */ = {
			isa = XCSwiftPackageProductDependency;
			package = ECB3E53C2886EDD500CC35FA /* XCRemoteSwiftPackageReference "Then" */;
			productName = Then;
		};
/* End XCSwiftPackageProductDependency section */
	};
	rootObject = EC666A8F2885837A0089A4CA /* Project object */;
}
